
Microsoft Visual Studio Solution File, Format Version 12.00
# Visual Studio Version 17
VisualStudioVersion = 17.8.34330.188
MinimumVisualStudioVersion = 10.0.40219.1
Project("{FAE04EC0-301F-11D3-BF4B-00C04F79EFBC}") = "CV_Projektet_sln8", "CV_Projektet_sln8\CV_Projektet_sln8.csproj", "{EA34B4ED-09AB-48A5-B459-B44C771420C1}"
EndProject
Global
	GlobalSection(SolutionConfigurationPlatforms) = preSolution
		Debug|Any CPU = Debug|Any CPU
		Release|Any CPU = Release|Any CPU
	EndGlobalSection
	GlobalSection(ProjectConfigurationPlatforms) = postSolution
		{EA34B4ED-09AB-48A5-B459-B44C771420C1}.Debug|Any CPU.ActiveCfg = Debug|Any CPU
		{EA34B4ED-09AB-48A5-B459-B44C771420C1}.Debug|Any CPU.Build.0 = Debug|Any CPU
		{EA34B4ED-09AB-48A5-B459-B44C771420C1}.Release|Any CPU.ActiveCfg = Release|Any CPU
		{EA34B4ED-09AB-48A5-B459-B44C771420C1}.Release|Any CPU.Build.0 = Release|Any CPU
	EndGlobalSection
	GlobalSection(SolutionProperties) = preSolution
		HideSolutionNode = FALSE
	EndGlobalSection
	GlobalSection(ExtensibilityGlobals) = postSolution
		SolutionGuid = {392F12F0-1A1A-411F-9A61-73C04CB5CA8F}
	EndGlobalSection
EndGlobal
